// !$*UTF8*$!
{
	archiveVersion = 1;
	classes = {
	};
	objectVersion = 50;
	objects = {

/* Begin PBXBuildFile section */
		27AE008F2671922600B8C5FE /* CarteiraApp.swift in Sources */ = {isa = PBXBuildFile; fileRef = 27AE008E2671922600B8C5FE /* CarteiraApp.swift */; };
		27AE00912671922600B8C5FE /* ContentView.swift in Sources */ = {isa = PBXBuildFile; fileRef = 27AE00902671922600B8C5FE /* ContentView.swift */; };
		27AE00932671922800B8C5FE /* Assets.xcassets in Resources */ = {isa = PBXBuildFile; fileRef = 27AE00922671922800B8C5FE /* Assets.xcassets */; };
		27AE00962671922800B8C5FE /* Preview Assets.xcassets in Resources */ = {isa = PBXBuildFile; fileRef = 27AE00952671922800B8C5FE /* Preview Assets.xcassets */; };
		27AE00982671922800B8C5FE /* Persistence.swift in Sources */ = {isa = PBXBuildFile; fileRef = 27AE00972671922800B8C5FE /* Persistence.swift */; };
		27AE009B2671922800B8C5FE /* Carteira.xcdatamodeld in Sources */ = {isa = PBXBuildFile; fileRef = 27AE00992671922800B8C5FE /* Carteira.xcdatamodeld */; };
/* End PBXBuildFile section */

/* Begin PBXFileReference section */
		27AE008B2671922600B8C5FE /* Carteira.app */ = {isa = PBXFileReference; explicitFileType = wrapper.application; includeInIndex = 0; path = Carteira.app; sourceTree = BUILT_PRODUCTS_DIR; };
		27AE008E2671922600B8C5FE /* CarteiraApp.swift */ = {isa = PBXFileReference; lastKnownFileType = sourcecode.swift; path = CarteiraApp.swift; sourceTree = "<group>"; };
		27AE00902671922600B8C5FE /* ContentView.swift */ = {isa = PBXFileReference; lastKnownFileType = sourcecode.swift; path = ContentView.swift; sourceTree = "<group>"; };
		27AE00922671922800B8C5FE /* Assets.xcassets */ = {isa = PBXFileReference; lastKnownFileType = folder.assetcatalog; path = Assets.xcassets; sourceTree = "<group>"; };
		27AE00952671922800B8C5FE /* Preview Assets.xcassets */ = {isa = PBXFileReference; lastKnownFileType = folder.assetcatalog; path = "Preview Assets.xcassets"; sourceTree = "<group>"; };
		27AE00972671922800B8C5FE /* Persistence.swift */ = {isa = PBXFileReference; lastKnownFileType = sourcecode.swift; path = Persistence.swift; sourceTree = "<group>"; };
		27AE009A2671922800B8C5FE /* Carteira.xcdatamodel */ = {isa = PBXFileReference; lastKnownFileType = wrapper.xcdatamodel; path = Carteira.xcdatamodel; sourceTree = "<group>"; };
		27AE009C2671922800B8C5FE /* Info.plist */ = {isa = PBXFileReference; lastKnownFileType = text.plist.xml; path = Info.plist; sourceTree = "<group>"; };
/* End PBXFileReference section */

/* Begin PBXFrameworksBuildPhase section */
		27AE00882671922600B8C5FE /* Frameworks */ = {
			isa = PBXFrameworksBuildPhase;
			buildActionMask = 2147483647;
			files = (
			);
			runOnlyForDeploymentPostprocessing = 0;
		};
/* End PBXFrameworksBuildPhase section */

/* Begin PBXGroup section */
		27AE00822671922600B8C5FE = {
			isa = PBXGroup;
			children = (
				27AE008D2671922600B8C5FE /* Carteira */,
				27AE008C2671922600B8C5FE /* Products */,
			);
			sourceTree = "<group>";
		};
		27AE008C2671922600B8C5FE /* Products */ = {
			isa = PBXGroup;
			children = (
				27AE008B2671922600B8C5FE /* Carteira.app */,
			);
			name = Products;
			sourceTree = "<group>";
		};
		27AE008D2671922600B8C5FE /* Carteira */ = {
			isa = PBXGroup;
			children = (
				27AE008E2671922600B8C5FE /* CarteiraApp.swift */,
				27AE00902671922600B8C5FE /* ContentView.swift */,
				27AE00922671922800B8C5FE /* Assets.xcassets */,
				27AE00972671922800B8C5FE /* Persistence.swift */,
				27AE009C2671922800B8C5FE /* Info.plist */,
				27AE00992671922800B8C5FE /* Carteira.xcdatamodeld */,
				27AE00942671922800B8C5FE /* Preview Content */,
			);
			path = Carteira;
			sourceTree = "<group>";
		};
		27AE00942671922800B8C5FE /* Preview Content */ = {
			isa = PBXGroup;
			children = (
				27AE00952671922800B8C5FE /* Preview Assets.xcassets */,
			);
			path = "Preview Content";
			sourceTree = "<group>";
		};
/* End PBXGroup section */

/* Begin PBXNativeTarget section */
		27AE008A2671922600B8C5FE /* Carteira */ = {
			isa = PBXNativeTarget;
			buildConfigurationList = 27AE009F2671922800B8C5FE /* Build configuration list for PBXNativeTarget "Carteira" */;
			buildPhases = (
				27AE00872671922600B8C5FE /* Sources */,
				27AE00882671922600B8C5FE /* Frameworks */,
				27AE00892671922600B8C5FE /* Resources */,
			);
			buildRules = (
			);
			dependencies = (
			);
			name = Carteira;
			productName = Carteira;
			productReference = 27AE008B2671922600B8C5FE /* Carteira.app */;
			productType = "com.apple.product-type.application";
		};
/* End PBXNativeTarget section */

/* Begin PBXProject section */
		27AE00832671922600B8C5FE /* Project object */ = {
			isa = PBXProject;
			attributes = {
				LastSwiftUpdateCheck = 1240;
				LastUpgradeCheck = 1240;
				TargetAttributes = {
					27AE008A2671922600B8C5FE = {
						CreatedOnToolsVersion = 12.4;
					};
				};
			};
			buildConfigurationList = 27AE00862671922600B8C5FE /* Build configuration list for PBXProject "Carteira" */;
			compatibilityVersion = "Xcode 9.3";
			developmentRegion = en;
			hasScannedForEncodings = 0;
			knownRegions = (
				en,
				Base,
			);
			mainGroup = 27AE00822671922600B8C5FE;
			productRefGroup = 27AE008C2671922600B8C5FE /* Products */;
			projectDirPath = "";
			projectRoot = "";
			targets = (
				27AE008A2671922600B8C5FE /* Carteira */,
			);
		};
/* End PBXProject section */

/* Begin PBXResourcesBuildPhase section */
		27AE00892671922600B8C5FE /* Resources */ = {
			isa = PBXResourcesBuildPhase;
			buildActionMask = 2147483647;
			files = (
				27AE00962671922800B8C5FE /* Preview Assets.xcassets in Resources */,
				27AE00932671922800B8C5FE /* Assets.xcassets in Resources */,
			);
			runOnlyForDeploymentPostprocessing = 0;
		};
/* End PBXResourcesBuildPhase section */

/* Begin PBXSourcesBuildPhase section */
		27AE00872671922600B8C5FE /* Sources */ = {
			isa = PBXSourcesBuildPhase;
			buildActionMask = 2147483647;
			files = (
				27AE009B2671922800B8C5FE /* Carteira.xcdatamodeld in Sources */,
				27AE00982671922800B8C5FE /* Persistence.swift in Sources */,
				27AE00912671922600B8C5FE /* ContentView.swift in Sources */,
				27AE008F2671922600B8C5FE /* CarteiraApp.swift in Sources */,
			);
			runOnlyForDeploymentPostprocessing = 0;
		};
/* End PBXSourcesBuildPhase section */

/* Begin XCBuildConfiguration section */
		27AE009D2671922800B8C5FE /* Debug */ = {
			isa = XCBuildConfiguration;
			buildSettings = {
				ALWAYS_SEARCH_USER_PATHS = NO;
				CLANG_ANALYZER_NONNULL = YES;
				CLANG_ANALYZER_NUMBER_OBJECT_CONVERSION = YES_AGGRESSIVE;
				CLANG_CXX_LANGUAGE_STANDARD = "gnu++14";
				CLANG_CXX_LIBRARY = "libc++";
				CLANG_ENABLE_MODULES = YES;
				CLANG_ENABLE_OBJC_ARC = YES;
				CLANG_ENABLE_OBJC_WEAK = YES;
				CLANG_WARN_BLOCK_CAPTURE_AUTORELEASING = YES;
				CLANG_WARN_BOOL_CONVERSION = YES;
				CLANG_WARN_COMMA = YES;
				CLANG_WARN_CONSTANT_CONVERSION = YES;
				CLANG_WARN_DEPRECATED_OBJC_IMPLEMENTATIONS = YES;
				CLANG_WARN_DIRECT_OBJC_ISA_USAGE = YES_ERROR;
				CLANG_WARN_DOCUMENTATION_COMMENTS = YES;
				CLANG_WARN_EMPTY_BODY = YES;
				CLANG_WARN_ENUM_CONVERSION = YES;
				CLANG_WARN_INFINITE_RECURSION = YES;
				CLANG_WARN_INT_CONVERSION = YES;
				CLANG_WARN_NON_LITERAL_NULL_CONVERSION = YES;
				CLANG_WARN_OBJC_IMPLICIT_RETAIN_SELF = YES;
				CLANG_WARN_OBJC_LITERAL_CONVERSION = YES;
				CLANG_WARN_OBJC_ROOT_CLASS = YES_ERROR;
				CLANG_WARN_QUOTED_INCLUDE_IN_FRAMEWORK_HEADER = YES;
				CLANG_WARN_RANGE_LOOP_ANALYSIS = YES;
				CLANG_WARN_STRICT_PROTOTYPES = YES;
				CLANG_WARN_SUSPICIOUS_MOVE = YES;
				CLANG_WARN_UNGUARDED_AVAILABILITY = YES_AGGRESSIVE;
				CLANG_WARN_UNREACHABLE_CODE = YES;
				CLANG_WARN__DUPLICATE_METHOD_MATCH = YES;
				COPY_PHASE_STRIP = NO;
				DEBUG_INFORMATION_FORMAT = dwarf;
				ENABLE_STRICT_OBJC_MSGSEND = YES;
				ENABLE_TESTABILITY = YES;
				GCC_C_LANGUAGE_STANDARD = gnu11;
				GCC_DYNAMIC_NO_PIC = NO;
				GCC_NO_COMMON_BLOCKS = YES;
				GCC_OPTIMIZATION_LEVEL = 0;
				GCC_PREPROCESSOR_DEFINITIONS = (
					"DEBUG=1",
					"$(inherited)",
				);
				GCC_WARN_64_TO_32_BIT_CONVERSION = YES;
				GCC_WARN_ABOUT_RETURN_TYPE = YES_ERROR;
				GCC_WARN_UNDECLARED_SELECTOR = YES;
				GCC_WARN_UNINITIALIZED_AUTOS = YES_AGGRESSIVE;
				GCC_WARN_UNUSED_FUNCTION = YES;
				GCC_WARN_UNUSED_VARIABLE = YES;
				IPHONEOS_DEPLOYMENT_TARGET = 14.4;
				MTL_ENABLE_DEBUG_INFO = INCLUDE_SOURCE;
				MTL_FAST_MATH = YES;
				ONLY_ACTIVE_ARCH = YES;
				SDKROOT = iphoneos;
				SWIFT_ACTIVE_COMPILATION_CONDITIONS = DEBUG;
				SWIFT_OPTIMIZATION_LEVEL = "-Onone";
			};
			name = Debug;
		};
		27AE009E2671922800B8C5FE /* Release */ = {
			isa = XCBuildConfiguration;
			buildSettings = {
				ALWAYS_SEARCH_USER_PATHS = NO;
				CLANG_ANALYZER_NONNULL = YES;
				CLANG_ANALYZER_NUMBER_OBJECT_CONVERSION = YES_AGGRESSIVE;
				CLANG_CXX_LANGUAGE_STANDARD = "gnu++14";
				CLANG_CXX_LIBRARY = "libc++";
				CLANG_ENABLE_MODULES = YES;
				CLANG_ENABLE_OBJC_ARC = YES;
				CLANG_ENABLE_OBJC_WEAK = YES;
				CLANG_WARN_BLOCK_CAPTURE_AUTORELEASING = YES;
				CLANG_WARN_BOOL_CONVERSION = YES;
				CLANG_WARN_COMMA = YES;
				CLANG_WARN_CONSTANT_CONVERSION = YES;
				CLANG_WARN_DEPRECATED_OBJC_IMPLEMENTATIONS = YES;
				CLANG_WARN_DIRECT_OBJC_ISA_USAGE = YES_ERROR;
				CLANG_WARN_DOCUMENTATION_COMMENTS = YES;
				CLANG_WARN_EMPTY_BODY = YES;
				CLANG_WARN_ENUM_CONVERSION = YES;
				CLANG_WARN_INFINITE_RECURSION = YES;
				CLANG_WARN_INT_CONVERSION = YES;
				CLANG_WARN_NON_LITERAL_NULL_CONVERSION = YES;
				CLANG_WARN_OBJC_IMPLICIT_RETAIN_SELF = YES;
				CLANG_WARN_OBJC_LITERAL_CONVERSION = YES;
				CLANG_WARN_OBJC_ROOT_CLASS = YES_ERROR;
				CLANG_WARN_QUOTED_INCLUDE_IN_FRAMEWORK_HEADER = YES;
				CLANG_WARN_RANGE_LOOP_ANALYSIS = YES;
				CLANG_WARN_STRICT_PROTOTYPES = YES;
				CLANG_WARN_SUSPICIOUS_MOVE = YES;
				CLANG_WARN_UNGUARDED_AVAILABILITY = YES_AGGRESSIVE;
				CLANG_WARN_UNREACHABLE_CODE = YES;
				CLANG_WARN__DUPLICATE_METHOD_MATCH = YES;
				COPY_PHASE_STRIP = NO;
				DEBUG_INFORMATION_FORMAT = "dwarf-with-dsym";
				ENABLE_NS_ASSERTIONS = NO;
				ENABLE_STRICT_OBJC_MSGSEND = YES;
				GCC_C_LANGUAGE_STANDARD = gnu11;
				GCC_NO_COMMON_BLOCKS = YES;
				GCC_WARN_64_TO_32_BIT_CONVERSION = YES;
				GCC_WARN_ABOUT_RETURN_TYPE = YES_ERROR;
				GCC_WARN_UNDECLARED_SELECTOR = YES;
				GCC_WARN_UNINITIALIZED_AUTOS = YES_AGGRESSIVE;
				GCC_WARN_UNUSED_FUNCTION = YES;
				GCC_WARN_UNUSED_VARIABLE = YES;
				IPHONEOS_DEPLOYMENT_TARGET = 14.4;
				MTL_ENABLE_DEBUG_INFO = NO;
				MTL_FAST_MATH = YES;
				SDKROOT = iphoneos;
				SWIFT_COMPILATION_MODE = wholemodule;
				SWIFT_OPTIMIZATION_LEVEL = "-O";
				VALIDATE_PRODUCT = YES;
			};
			name = Release;
		};
		27AE00A02671922800B8C5FE /* Debug */ = {
			isa = XCBuildConfiguration;
			buildSettings = {
				ASSETCATALOG_COMPILER_APPICON_NAME = AppIcon;
				ASSETCATALOG_COMPILER_GLOBAL_ACCENT_COLOR_NAME = AccentColor;
				CODE_SIGN_STYLE = Automatic;
				DEVELOPMENT_ASSET_PATHS = "\"Carteira/Preview Content\"";
				DEVELOPMENT_TEAM = KPPGXZ3Y59;
				ENABLE_PREVIEWS = YES;
				INFOPLIST_FILE = Carteira/Info.plist;
				IPHONEOS_DEPLOYMENT_TARGET = 14.0;
				LD_RUNPATH_SEARCH_PATHS = (
					"$(inherited)",
					"@executable_path/Frameworks",
				);
				PRODUCT_BUNDLE_IDENTIFIER = com.layunta.Carteira;
				PRODUCT_NAME = "$(TARGET_NAME)";
				SWIFT_VERSION = 5.0;
				TARGETED_DEVICE_FAMILY = "1,2";
			};
			name = Debug;
		};
		27AE00A12671922800B8C5FE /* Release */ = {
			isa = XCBuildConfiguration;
			buildSettings = {
				ASSETCATALOG_COMPILER_APPICON_NAME = AppIcon;
				ASSETCATALOG_COMPILER_GLOBAL_ACCENT_COLOR_NAME = AccentColor;
				CODE_SIGN_STYLE = Automatic;
				DEVELOPMENT_ASSET_PATHS = "\"Carteira/Preview Content\"";
				DEVELOPMENT_TEAM = KPPGXZ3Y59;
				ENABLE_PREVIEWS = YES;
				INFOPLIST_FILE = Carteira/Info.plist;
				IPHONEOS_DEPLOYMENT_TARGET = 14.0;
				LD_RUNPATH_SEARCH_PATHS = (
					"$(inherited)",
					"@executable_path/Frameworks",
				);
				PRODUCT_BUNDLE_IDENTIFIER = com.layunta.Carteira;
				PRODUCT_NAME = "$(TARGET_NAME)";
				SWIFT_VERSION = 5.0;
				TARGETED_DEVICE_FAMILY = "1,2";
			};
			name = Release;
		};
/* End XCBuildConfiguration section */

/* Begin XCConfigurationList section */
		27AE00862671922600B8C5FE /* Build configuration list for PBXProject "Carteira" */ = {
			isa = XCConfigurationList;
			buildConfigurations = (
				27AE009D2671922800B8C5FE /* Debug */,
				27AE009E2671922800B8C5FE /* Release */,
			);
			defaultConfigurationIsVisible = 0;
			defaultConfigurationName = Release;
		};
		27AE009F2671922800B8C5FE /* Build configuration list for PBXNativeTarget "Carteira" */ = {
			isa = XCConfigurationList;
			buildConfigurations = (
				27AE00A02671922800B8C5FE /* Debug */,
				27AE00A12671922800B8C5FE /* Release */,
			);
			defaultConfigurationIsVisible = 0;
			defaultConfigurationName = Release;
		};
/* End XCConfigurationList section */

/* Begin XCVersionGroup section */
		27AE00992671922800B8C5FE /* Carteira.xcdatamodeld */ = {
			isa = XCVersionGroup;
			children = (
				27AE009A2671922800B8C5FE /* Carteira.xcdatamodel */,
			);
			currentVersion = 27AE009A2671922800B8C5FE /* Carteira.xcdatamodel */;
			path = Carteira.xcdatamodeld;
			sourceTree = "<group>";
			versionGroupType = wrapper.xcdatamodel;
		};
/* End XCVersionGroup section */
	};
	rootObject = 27AE00832671922600B8C5FE /* Project object */;
}
