// !$*UTF8*$!
{
	archiveVersion = 1;
	classes = {
	};
	objectVersion = 51;
	objects = {

/* Begin PBXBuildFile section */
		271B6D0D26BA3C64008F1E51 /* HomePage.swift in Sources */ = {isa = PBXBuildFile; fileRef = 271B6D0C26BA3C64008F1E51 /* HomePage.swift */; };
		272829B226B8FBD700E5FBEE /* GoogleService-Info.plist in Resources */ = {isa = PBXBuildFile; fileRef = 272829B126B8FBD700E5FBEE /* GoogleService-Info.plist */; };
		272829B426B8FD6500E5FBEE /* AppDelegateModel.swift in Sources */ = {isa = PBXBuildFile; fileRef = 272829B326B8FD6500E5FBEE /* AppDelegateModel.swift */; };
		272829B626B8FD9400E5FBEE /* FirebaseModel.swift in Sources */ = {isa = PBXBuildFile; fileRef = 272829B526B8FD9400E5FBEE /* FirebaseModel.swift */; };
		272D50DE26D0317B0029F565 /* DetailView.swift in Sources */ = {isa = PBXBuildFile; fileRef = 272D50DD26D0317B0029F565 /* DetailView.swift */; };
		272D50E026D0338A0029F565 /* IncomeOutcomeButton.swift in Sources */ = {isa = PBXBuildFile; fileRef = 272D50DF26D0338A0029F565 /* IncomeOutcomeButton.swift */; };
		2788D53F26D6E68800E07952 /* DatabaseManager.swift in Sources */ = {isa = PBXBuildFile; fileRef = 2788D53E26D6E68800E07952 /* DatabaseManager.swift */; };
		279BA59126B9AAEA00B36DD8 /* ImagePickerModel.swift in Sources */ = {isa = PBXBuildFile; fileRef = 279BA59026B9AAE900B36DD8 /* ImagePickerModel.swift */; };
		279BA59326B9C81500B36DD8 /* MainView.swift in Sources */ = {isa = PBXBuildFile; fileRef = 279BA59226B9C81500B36DD8 /* MainView.swift */; };
		279BA59526B9C96A00B36DD8 /* TabButton.swift in Sources */ = {isa = PBXBuildFile; fileRef = 279BA59426B9C96A00B36DD8 /* TabButton.swift */; };
		279BA59726B9CBDE00B36DD8 /* CustomCornersModel.swift in Sources */ = {isa = PBXBuildFile; fileRef = 279BA59626B9CBDE00B36DD8 /* CustomCornersModel.swift */; };
		279BA59926B9D43800B36DD8 /* SIdeMenuView.swift in Sources */ = {isa = PBXBuildFile; fileRef = 279BA59826B9D43800B36DD8 /* SIdeMenuView.swift */; };
		279BA59B26B9D53F00B36DD8 /* HomeView.swift in Sources */ = {isa = PBXBuildFile; fileRef = 279BA59A26B9D53F00B36DD8 /* HomeView.swift */; };
		279D60AE26CF4AC500B5B358 /* OutcomeIncomeView.swift in Sources */ = {isa = PBXBuildFile; fileRef = 279D60AD26CF4AC500B5B358 /* OutcomeIncomeView.swift */; };
		27A66B1526B89094005D37F5 /* CardModel.swift in Sources */ = {isa = PBXBuildFile; fileRef = 27A66B1426B89094005D37F5 /* CardModel.swift */; };
		27A66B1726B890CA005D37F5 /* CardView.swift in Sources */ = {isa = PBXBuildFile; fileRef = 27A66B1626B890CA005D37F5 /* CardView.swift */; };
		27A66B1A26B891AD005D37F5 /* WalletView.swift in Sources */ = {isa = PBXBuildFile; fileRef = 27A66B1926B891AD005D37F5 /* WalletView.swift */; };
		27A66B1C26B89288005D37F5 /* OnboardingView.swift in Sources */ = {isa = PBXBuildFile; fileRef = 27A66B1B26B89288005D37F5 /* OnboardingView.swift */; };
		27A66B1E26B8935E005D37F5 /* PresentationView.swift in Sources */ = {isa = PBXBuildFile; fileRef = 27A66B1D26B8935E005D37F5 /* PresentationView.swift */; };
		27A66B2026B8A7D3005D37F5 /* PresentationCardButton.swift in Sources */ = {isa = PBXBuildFile; fileRef = 27A66B1F26B8A7D3005D37F5 /* PresentationCardButton.swift */; };
		27A66B2426B8AD98005D37F5 /* LoginView.swift in Sources */ = {isa = PBXBuildFile; fileRef = 27A66B2326B8AD98005D37F5 /* LoginView.swift */; };
		27A66B2626B8C1A4005D37F5 /* RegisterView.swift in Sources */ = {isa = PBXBuildFile; fileRef = 27A66B2526B8C1A4005D37F5 /* RegisterView.swift */; };
		27AE008F2671922600B8C5FE /* CarteiraApp.swift in Sources */ = {isa = PBXBuildFile; fileRef = 27AE008E2671922600B8C5FE /* CarteiraApp.swift */; };
		27AE00912671922600B8C5FE /* ContentView.swift in Sources */ = {isa = PBXBuildFile; fileRef = 27AE00902671922600B8C5FE /* ContentView.swift */; };
		27AE00932671922800B8C5FE /* Assets.xcassets in Resources */ = {isa = PBXBuildFile; fileRef = 27AE00922671922800B8C5FE /* Assets.xcassets */; };
		27AE00962671922800B8C5FE /* Preview Assets.xcassets in Resources */ = {isa = PBXBuildFile; fileRef = 27AE00952671922800B8C5FE /* Preview Assets.xcassets */; };
		27AE00982671922800B8C5FE /* Persistence.swift in Sources */ = {isa = PBXBuildFile; fileRef = 27AE00972671922800B8C5FE /* Persistence.swift */; };
		27AE009B2671922800B8C5FE /* Carteira.xcdatamodeld in Sources */ = {isa = PBXBuildFile; fileRef = 27AE00992671922800B8C5FE /* Carteira.xcdatamodeld */; };
		27AEB21626D4113B006CE034 /* BottomCardView.swift in Sources */ = {isa = PBXBuildFile; fileRef = 27AEB21526D4113B006CE034 /* BottomCardView.swift */; };
		27BFAE9626D079AE00070756 /* BarChartView.swift in Sources */ = {isa = PBXBuildFile; fileRef = 27BFAE9526D079AE00070756 /* BarChartView.swift */; };
		BF12A66EFF13330C808D430A /* Pods_Carteira.framework in Frameworks */ = {isa = PBXBuildFile; fileRef = 46326B8280FF3E1DA8FE96C3 /* Pods_Carteira.framework */; };
/* End PBXBuildFile section */

/* Begin PBXFileReference section */
		21BB1C5F99454772C5481279 /* Pods-Carteira.debug.xcconfig */ = {isa = PBXFileReference; includeInIndex = 1; lastKnownFileType = text.xcconfig; name = "Pods-Carteira.debug.xcconfig"; path = "Target Support Files/Pods-Carteira/Pods-Carteira.debug.xcconfig"; sourceTree = "<group>"; };
		271B6D0C26BA3C64008F1E51 /* HomePage.swift */ = {isa = PBXFileReference; lastKnownFileType = sourcecode.swift; path = HomePage.swift; sourceTree = "<group>"; };
		272829B126B8FBD700E5FBEE /* GoogleService-Info.plist */ = {isa = PBXFileReference; fileEncoding = 4; lastKnownFileType = text.plist.xml; path = "GoogleService-Info.plist"; sourceTree = "<group>"; };
		272829B326B8FD6500E5FBEE /* AppDelegateModel.swift */ = {isa = PBXFileReference; lastKnownFileType = sourcecode.swift; path = AppDelegateModel.swift; sourceTree = "<group>"; };
		272829B526B8FD9400E5FBEE /* FirebaseModel.swift */ = {isa = PBXFileReference; lastKnownFileType = sourcecode.swift; path = FirebaseModel.swift; sourceTree = "<group>"; };
		272D50DD26D0317B0029F565 /* DetailView.swift */ = {isa = PBXFileReference; lastKnownFileType = sourcecode.swift; path = DetailView.swift; sourceTree = "<group>"; };
		272D50DF26D0338A0029F565 /* IncomeOutcomeButton.swift */ = {isa = PBXFileReference; lastKnownFileType = sourcecode.swift; path = IncomeOutcomeButton.swift; sourceTree = "<group>"; };
		2783B80226D3555D005F3B7A /* Carteira.entitlements */ = {isa = PBXFileReference; lastKnownFileType = text.plist.entitlements; path = Carteira.entitlements; sourceTree = "<group>"; };
		2788D53E26D6E68800E07952 /* DatabaseManager.swift */ = {isa = PBXFileReference; lastKnownFileType = sourcecode.swift; path = DatabaseManager.swift; sourceTree = "<group>"; };
		279BA59026B9AAE900B36DD8 /* ImagePickerModel.swift */ = {isa = PBXFileReference; lastKnownFileType = sourcecode.swift; path = ImagePickerModel.swift; sourceTree = "<group>"; };
		279BA59226B9C81500B36DD8 /* MainView.swift */ = {isa = PBXFileReference; lastKnownFileType = sourcecode.swift; path = MainView.swift; sourceTree = "<group>"; };
		279BA59426B9C96A00B36DD8 /* TabButton.swift */ = {isa = PBXFileReference; lastKnownFileType = sourcecode.swift; path = TabButton.swift; sourceTree = "<group>"; };
		279BA59626B9CBDE00B36DD8 /* CustomCornersModel.swift */ = {isa = PBXFileReference; lastKnownFileType = sourcecode.swift; path = CustomCornersModel.swift; sourceTree = "<group>"; };
		279BA59826B9D43800B36DD8 /* SIdeMenuView.swift */ = {isa = PBXFileReference; lastKnownFileType = sourcecode.swift; path = SIdeMenuView.swift; sourceTree = "<group>"; };
		279BA59A26B9D53F00B36DD8 /* HomeView.swift */ = {isa = PBXFileReference; lastKnownFileType = sourcecode.swift; path = HomeView.swift; sourceTree = "<group>"; };
		279D60AD26CF4AC500B5B358 /* OutcomeIncomeView.swift */ = {isa = PBXFileReference; lastKnownFileType = sourcecode.swift; path = OutcomeIncomeView.swift; sourceTree = "<group>"; };
		27A66B1426B89094005D37F5 /* CardModel.swift */ = {isa = PBXFileReference; lastKnownFileType = sourcecode.swift; path = CardModel.swift; sourceTree = "<group>"; };
		27A66B1626B890CA005D37F5 /* CardView.swift */ = {isa = PBXFileReference; lastKnownFileType = sourcecode.swift; path = CardView.swift; sourceTree = "<group>"; };
		27A66B1926B891AD005D37F5 /* WalletView.swift */ = {isa = PBXFileReference; lastKnownFileType = sourcecode.swift; path = WalletView.swift; sourceTree = "<group>"; };
		27A66B1B26B89288005D37F5 /* OnboardingView.swift */ = {isa = PBXFileReference; lastKnownFileType = sourcecode.swift; path = OnboardingView.swift; sourceTree = "<group>"; };
		27A66B1D26B8935E005D37F5 /* PresentationView.swift */ = {isa = PBXFileReference; lastKnownFileType = sourcecode.swift; path = PresentationView.swift; sourceTree = "<group>"; };
		27A66B1F26B8A7D3005D37F5 /* PresentationCardButton.swift */ = {isa = PBXFileReference; lastKnownFileType = sourcecode.swift; path = PresentationCardButton.swift; sourceTree = "<group>"; };
		27A66B2326B8AD98005D37F5 /* LoginView.swift */ = {isa = PBXFileReference; lastKnownFileType = sourcecode.swift; path = LoginView.swift; sourceTree = "<group>"; };
		27A66B2526B8C1A4005D37F5 /* RegisterView.swift */ = {isa = PBXFileReference; lastKnownFileType = sourcecode.swift; path = RegisterView.swift; sourceTree = "<group>"; };
		27AE008B2671922600B8C5FE /* Carteira.app */ = {isa = PBXFileReference; explicitFileType = wrapper.application; includeInIndex = 0; path = Carteira.app; sourceTree = BUILT_PRODUCTS_DIR; };
		27AE008E2671922600B8C5FE /* CarteiraApp.swift */ = {isa = PBXFileReference; lastKnownFileType = sourcecode.swift; path = CarteiraApp.swift; sourceTree = "<group>"; };
		27AE00902671922600B8C5FE /* ContentView.swift */ = {isa = PBXFileReference; lastKnownFileType = sourcecode.swift; path = ContentView.swift; sourceTree = "<group>"; };
		27AE00922671922800B8C5FE /* Assets.xcassets */ = {isa = PBXFileReference; lastKnownFileType = folder.assetcatalog; path = Assets.xcassets; sourceTree = "<group>"; };
		27AE00952671922800B8C5FE /* Preview Assets.xcassets */ = {isa = PBXFileReference; lastKnownFileType = folder.assetcatalog; path = "Preview Assets.xcassets"; sourceTree = "<group>"; };
		27AE00972671922800B8C5FE /* Persistence.swift */ = {isa = PBXFileReference; lastKnownFileType = sourcecode.swift; path = Persistence.swift; sourceTree = "<group>"; };
		27AE009A2671922800B8C5FE /* Carteira.xcdatamodel */ = {isa = PBXFileReference; lastKnownFileType = wrapper.xcdatamodel; path = Carteira.xcdatamodel; sourceTree = "<group>"; };
		27AE009C2671922800B8C5FE /* Info.plist */ = {isa = PBXFileReference; lastKnownFileType = text.plist.xml; path = Info.plist; sourceTree = "<group>"; };
		27AEB21526D4113B006CE034 /* BottomCardView.swift */ = {isa = PBXFileReference; lastKnownFileType = sourcecode.swift; path = BottomCardView.swift; sourceTree = "<group>"; };
		27BFAE9526D079AE00070756 /* BarChartView.swift */ = {isa = PBXFileReference; lastKnownFileType = sourcecode.swift; path = BarChartView.swift; sourceTree = "<group>"; };
		46326B8280FF3E1DA8FE96C3 /* Pods_Carteira.framework */ = {isa = PBXFileReference; explicitFileType = wrapper.framework; includeInIndex = 0; path = Pods_Carteira.framework; sourceTree = BUILT_PRODUCTS_DIR; };
		BA70780B5CC28782244358C5 /* Pods-Carteira.release.xcconfig */ = {isa = PBXFileReference; includeInIndex = 1; lastKnownFileType = text.xcconfig; name = "Pods-Carteira.release.xcconfig"; path = "Target Support Files/Pods-Carteira/Pods-Carteira.release.xcconfig"; sourceTree = "<group>"; };
/* End PBXFileReference section */

/* Begin PBXFrameworksBuildPhase section */
		27AE00882671922600B8C5FE /* Frameworks */ = {
			isa = PBXFrameworksBuildPhase;
			buildActionMask = 2147483647;
			files = (
				BF12A66EFF13330C808D430A /* Pods_Carteira.framework in Frameworks */,
			);
			runOnlyForDeploymentPostprocessing = 0;
		};
/* End PBXFrameworksBuildPhase section */

/* Begin PBXGroup section */
		27A66B1126B8902D005D37F5 /* Model */ = {
			isa = PBXGroup;
			children = (
				27A66B1426B89094005D37F5 /* CardModel.swift */,
				272829B326B8FD6500E5FBEE /* AppDelegateModel.swift */,
				272829B526B8FD9400E5FBEE /* FirebaseModel.swift */,
				279BA59026B9AAE900B36DD8 /* ImagePickerModel.swift */,
				279BA59626B9CBDE00B36DD8 /* CustomCornersModel.swift */,
				2788D53E26D6E68800E07952 /* DatabaseManager.swift */,
			);
			path = Model;
			sourceTree = "<group>";
		};
		27A66B1226B89034005D37F5 /* View-Model */ = {
			isa = PBXGroup;
			children = (
				27A66B1626B890CA005D37F5 /* CardView.swift */,
				27A66B1926B891AD005D37F5 /* WalletView.swift */,
				27A66B1D26B8935E005D37F5 /* PresentationView.swift */,
				27A66B1F26B8A7D3005D37F5 /* PresentationCardButton.swift */,
				279BA59426B9C96A00B36DD8 /* TabButton.swift */,
				279D60AD26CF4AC500B5B358 /* OutcomeIncomeView.swift */,
				272D50DF26D0338A0029F565 /* IncomeOutcomeButton.swift */,
				27BFAE9526D079AE00070756 /* BarChartView.swift */,
				27AEB21526D4113B006CE034 /* BottomCardView.swift */,
			);
			path = "View-Model";
			sourceTree = "<group>";
		};
		27A66B1326B89055005D37F5 /* View */ = {
			isa = PBXGroup;
			children = (
				27A66B1826B89178005D37F5 /* App */,
				27A66B2326B8AD98005D37F5 /* LoginView.swift */,
				27A66B2526B8C1A4005D37F5 /* RegisterView.swift */,
				279BA59826B9D43800B36DD8 /* SIdeMenuView.swift */,
				279BA59A26B9D53F00B36DD8 /* HomeView.swift */,
			);
			path = View;
			sourceTree = "<group>";
		};
		27A66B1826B89178005D37F5 /* App */ = {
			isa = PBXGroup;
			children = (
				27AE008E2671922600B8C5FE /* CarteiraApp.swift */,
				27AE00902671922600B8C5FE /* ContentView.swift */,
				279BA59226B9C81500B36DD8 /* MainView.swift */,
				27A66B1B26B89288005D37F5 /* OnboardingView.swift */,
				271B6D0C26BA3C64008F1E51 /* HomePage.swift */,
				272D50DD26D0317B0029F565 /* DetailView.swift */,
			);
			path = App;
			sourceTree = "<group>";
		};
		27AE00822671922600B8C5FE = {
			isa = PBXGroup;
			children = (
				27AE008D2671922600B8C5FE /* Carteira */,
				27AE008C2671922600B8C5FE /* Products */,
				A2DCFEADE245C58111AAD595 /* Pods */,
				51C812A8B646DF3462B9F5C9 /* Frameworks */,
			);
			sourceTree = "<group>";
		};
		27AE008C2671922600B8C5FE /* Products */ = {
			isa = PBXGroup;
			children = (
				27AE008B2671922600B8C5FE /* Carteira.app */,
			);
			name = Products;
			sourceTree = "<group>";
		};
		27AE008D2671922600B8C5FE /* Carteira */ = {
			isa = PBXGroup;
			children = (
				2783B80226D3555D005F3B7A /* Carteira.entitlements */,
				27A66B1126B8902D005D37F5 /* Model */,
				27A66B1326B89055005D37F5 /* View */,
				27A66B1226B89034005D37F5 /* View-Model */,
				27AE00922671922800B8C5FE /* Assets.xcassets */,
				27AE00972671922800B8C5FE /* Persistence.swift */,
				27AE009C2671922800B8C5FE /* Info.plist */,
				272829B126B8FBD700E5FBEE /* GoogleService-Info.plist */,
				27AE00992671922800B8C5FE /* Carteira.xcdatamodeld */,
				27AE00942671922800B8C5FE /* Preview Content */,
			);
			path = Carteira;
			sourceTree = "<group>";
		};
		27AE00942671922800B8C5FE /* Preview Content */ = {
			isa = PBXGroup;
			children = (
				27AE00952671922800B8C5FE /* Preview Assets.xcassets */,
			);
			path = "Preview Content";
			sourceTree = "<group>";
		};
		51C812A8B646DF3462B9F5C9 /* Frameworks */ = {
			isa = PBXGroup;
			children = (
				46326B8280FF3E1DA8FE96C3 /* Pods_Carteira.framework */,
			);
			name = Frameworks;
			sourceTree = "<group>";
		};
		A2DCFEADE245C58111AAD595 /* Pods */ = {
			isa = PBXGroup;
			children = (
				21BB1C5F99454772C5481279 /* Pods-Carteira.debug.xcconfig */,
				BA70780B5CC28782244358C5 /* Pods-Carteira.release.xcconfig */,
			);
			path = Pods;
			sourceTree = "<group>";
		};
/* End PBXGroup section */

/* Begin PBXNativeTarget section */
		27AE008A2671922600B8C5FE /* Carteira */ = {
			isa = PBXNativeTarget;
			buildConfigurationList = 27AE009F2671922800B8C5FE /* Build configuration list for PBXNativeTarget "Carteira" */;
			buildPhases = (
				4286F74F22DA36CE9EDD1728 /* [CP] Check Pods Manifest.lock */,
				27AE00872671922600B8C5FE /* Sources */,
				27AE00882671922600B8C5FE /* Frameworks */,
				27AE00892671922600B8C5FE /* Resources */,
				A3A982ED595D33DB753BC4D7 /* [CP] Embed Pods Frameworks */,
			);
			buildRules = (
			);
			dependencies = (
			);
			name = Carteira;
			productName = Carteira;
			productReference = 27AE008B2671922600B8C5FE /* Carteira.app */;
			productType = "com.apple.product-type.application";
		};
/* End PBXNativeTarget section */

/* Begin PBXProject section */
		27AE00832671922600B8C5FE /* Project object */ = {
			isa = PBXProject;
			attributes = {
				LastSwiftUpdateCheck = 1240;
				LastUpgradeCheck = 1240;
				TargetAttributes = {
					27AE008A2671922600B8C5FE = {
						CreatedOnToolsVersion = 12.4;
					};
				};
			};
			buildConfigurationList = 27AE00862671922600B8C5FE /* Build configuration list for PBXProject "Carteira" */;
			compatibilityVersion = "Xcode 9.3";
			developmentRegion = en;
			hasScannedForEncodings = 0;
			knownRegions = (
				en,
				Base,
			);
			mainGroup = 27AE00822671922600B8C5FE;
			productRefGroup = 27AE008C2671922600B8C5FE /* Products */;
			projectDirPath = "";
			projectRoot = "";
			targets = (
				27AE008A2671922600B8C5FE /* Carteira */,
			);
		};
/* End PBXProject section */

/* Begin PBXResourcesBuildPhase section */
		27AE00892671922600B8C5FE /* Resources */ = {
			isa = PBXResourcesBuildPhase;
			buildActionMask = 2147483647;
			files = (
				27AE00962671922800B8C5FE /* Preview Assets.xcassets in Resources */,
				27AE00932671922800B8C5FE /* Assets.xcassets in Resources */,
				272829B226B8FBD700E5FBEE /* GoogleService-Info.plist in Resources */,
			);
			runOnlyForDeploymentPostprocessing = 0;
		};
/* End PBXResourcesBuildPhase section */

/* Begin PBXShellScriptBuildPhase section */
		4286F74F22DA36CE9EDD1728 /* [CP] Check Pods Manifest.lock */ = {
			isa = PBXShellScriptBuildPhase;
			buildActionMask = 2147483647;
			files = (
			);
			inputFileListPaths = (
			);
			inputPaths = (
				"${PODS_PODFILE_DIR_PATH}/Podfile.lock",
				"${PODS_ROOT}/Manifest.lock",
			);
			name = "[CP] Check Pods Manifest.lock";
			outputFileListPaths = (
			);
			outputPaths = (
				"$(DERIVED_FILE_DIR)/Pods-Carteira-checkManifestLockResult.txt",
			);
			runOnlyForDeploymentPostprocessing = 0;
			shellPath = /bin/sh;
			shellScript = "diff \"${PODS_PODFILE_DIR_PATH}/Podfile.lock\" \"${PODS_ROOT}/Manifest.lock\" > /dev/null\nif [ $? != 0 ] ; then\n    # print error to STDERR\n    echo \"error: The sandbox is not in sync with the Podfile.lock. Run 'pod install' or update your CocoaPods installation.\" >&2\n    exit 1\nfi\n# This output is used by Xcode 'outputs' to avoid re-running this script phase.\necho \"SUCCESS\" > \"${SCRIPT_OUTPUT_FILE_0}\"\n";
			showEnvVarsInLog = 0;
		};
		A3A982ED595D33DB753BC4D7 /* [CP] Embed Pods Frameworks */ = {
			isa = PBXShellScriptBuildPhase;
			buildActionMask = 2147483647;
			files = (
			);
			inputFileListPaths = (
				"${PODS_ROOT}/Target Support Files/Pods-Carteira/Pods-Carteira-frameworks-${CONFIGURATION}-input-files.xcfilelist",
			);
			name = "[CP] Embed Pods Frameworks";
			outputFileListPaths = (
				"${PODS_ROOT}/Target Support Files/Pods-Carteira/Pods-Carteira-frameworks-${CONFIGURATION}-output-files.xcfilelist",
			);
			runOnlyForDeploymentPostprocessing = 0;
			shellPath = /bin/sh;
			shellScript = "\"${PODS_ROOT}/Target Support Files/Pods-Carteira/Pods-Carteira-frameworks.sh\"\n";
			showEnvVarsInLog = 0;
		};
/* End PBXShellScriptBuildPhase section */

/* Begin PBXSourcesBuildPhase section */
		27AE00872671922600B8C5FE /* Sources */ = {
			isa = PBXSourcesBuildPhase;
			buildActionMask = 2147483647;
			files = (
				27AE009B2671922800B8C5FE /* Carteira.xcdatamodeld in Sources */,
				27A66B2026B8A7D3005D37F5 /* PresentationCardButton.swift in Sources */,
				279BA59726B9CBDE00B36DD8 /* CustomCornersModel.swift in Sources */,
				27AE00982671922800B8C5FE /* Persistence.swift in Sources */,
				279BA59126B9AAEA00B36DD8 /* ImagePickerModel.swift in Sources */,
				27AE00912671922600B8C5FE /* ContentView.swift in Sources */,
				27A66B1A26B891AD005D37F5 /* WalletView.swift in Sources */,
				27BFAE9626D079AE00070756 /* BarChartView.swift in Sources */,
				27AE008F2671922600B8C5FE /* CarteiraApp.swift in Sources */,
				27A66B1E26B8935E005D37F5 /* PresentationView.swift in Sources */,
				27A66B1C26B89288005D37F5 /* OnboardingView.swift in Sources */,
				279BA59526B9C96A00B36DD8 /* TabButton.swift in Sources */,
				27A66B2426B8AD98005D37F5 /* LoginView.swift in Sources */,
				272829B626B8FD9400E5FBEE /* FirebaseModel.swift in Sources */,
				279BA59326B9C81500B36DD8 /* MainView.swift in Sources */,
				27A66B2626B8C1A4005D37F5 /* RegisterView.swift in Sources */,
				272D50E026D0338A0029F565 /* IncomeOutcomeButton.swift in Sources */,
				279BA59B26B9D53F00B36DD8 /* HomeView.swift in Sources */,
				27A66B1726B890CA005D37F5 /* CardView.swift in Sources */,
				272D50DE26D0317B0029F565 /* DetailView.swift in Sources */,
				272829B426B8FD6500E5FBEE /* AppDelegateModel.swift in Sources */,
				279BA59926B9D43800B36DD8 /* SIdeMenuView.swift in Sources */,
				271B6D0D26BA3C64008F1E51 /* HomePage.swift in Sources */,
				27AEB21626D4113B006CE034 /* BottomCardView.swift in Sources */,
				279D60AE26CF4AC500B5B358 /* OutcomeIncomeView.swift in Sources */,
				27A66B1526B89094005D37F5 /* CardModel.swift in Sources */,
				2788D53F26D6E68800E07952 /* DatabaseManager.swift in Sources */,
			);
			runOnlyForDeploymentPostprocessing = 0;
		};
/* End PBXSourcesBuildPhase section */

/* Begin XCBuildConfiguration section */
		27AE009D2671922800B8C5FE /* Debug */ = {
			isa = XCBuildConfiguration;
			buildSettings = {
				ALWAYS_SEARCH_USER_PATHS = NO;
				CLANG_ANALYZER_NONNULL = YES;
				CLANG_ANALYZER_NUMBER_OBJECT_CONVERSION = YES_AGGRESSIVE;
				CLANG_CXX_LANGUAGE_STANDARD = "gnu++14";
				CLANG_CXX_LIBRARY = "libc++";
				CLANG_ENABLE_MODULES = YES;
				CLANG_ENABLE_OBJC_ARC = YES;
				CLANG_ENABLE_OBJC_WEAK = YES;
				CLANG_WARN_BLOCK_CAPTURE_AUTORELEASING = YES;
				CLANG_WARN_BOOL_CONVERSION = YES;
				CLANG_WARN_COMMA = YES;
				CLANG_WARN_CONSTANT_CONVERSION = YES;
				CLANG_WARN_DEPRECATED_OBJC_IMPLEMENTATIONS = YES;
				CLANG_WARN_DIRECT_OBJC_ISA_USAGE = YES_ERROR;
				CLANG_WARN_DOCUMENTATION_COMMENTS = YES;
				CLANG_WARN_EMPTY_BODY = YES;
				CLANG_WARN_ENUM_CONVERSION = YES;
				CLANG_WARN_INFINITE_RECURSION = YES;
				CLANG_WARN_INT_CONVERSION = YES;
				CLANG_WARN_NON_LITERAL_NULL_CONVERSION = YES;
				CLANG_WARN_OBJC_IMPLICIT_RETAIN_SELF = YES;
				CLANG_WARN_OBJC_LITERAL_CONVERSION = YES;
				CLANG_WARN_OBJC_ROOT_CLASS = YES_ERROR;
				CLANG_WARN_QUOTED_INCLUDE_IN_FRAMEWORK_HEADER = YES;
				CLANG_WARN_RANGE_LOOP_ANALYSIS = YES;
				CLANG_WARN_STRICT_PROTOTYPES = YES;
				CLANG_WARN_SUSPICIOUS_MOVE = YES;
				CLANG_WARN_UNGUARDED_AVAILABILITY = YES_AGGRESSIVE;
				CLANG_WARN_UNREACHABLE_CODE = YES;
				CLANG_WARN__DUPLICATE_METHOD_MATCH = YES;
				COPY_PHASE_STRIP = NO;
				DEBUG_INFORMATION_FORMAT = dwarf;
				ENABLE_STRICT_OBJC_MSGSEND = YES;
				ENABLE_TESTABILITY = YES;
				GCC_C_LANGUAGE_STANDARD = gnu11;
				GCC_DYNAMIC_NO_PIC = NO;
				GCC_NO_COMMON_BLOCKS = YES;
				GCC_OPTIMIZATION_LEVEL = 0;
				GCC_PREPROCESSOR_DEFINITIONS = (
					"DEBUG=1",
					"$(inherited)",
				);
				GCC_WARN_64_TO_32_BIT_CONVERSION = YES;
				GCC_WARN_ABOUT_RETURN_TYPE = YES_ERROR;
				GCC_WARN_UNDECLARED_SELECTOR = YES;
				GCC_WARN_UNINITIALIZED_AUTOS = YES_AGGRESSIVE;
				GCC_WARN_UNUSED_FUNCTION = YES;
				GCC_WARN_UNUSED_VARIABLE = YES;
				IPHONEOS_DEPLOYMENT_TARGET = 14.4;
				MTL_ENABLE_DEBUG_INFO = INCLUDE_SOURCE;
				MTL_FAST_MATH = YES;
				ONLY_ACTIVE_ARCH = YES;
				SDKROOT = iphoneos;
				SWIFT_ACTIVE_COMPILATION_CONDITIONS = DEBUG;
				SWIFT_OPTIMIZATION_LEVEL = "-Onone";
			};
			name = Debug;
		};
		27AE009E2671922800B8C5FE /* Release */ = {
			isa = XCBuildConfiguration;
			buildSettings = {
				ALWAYS_SEARCH_USER_PATHS = NO;
				CLANG_ANALYZER_NONNULL = YES;
				CLANG_ANALYZER_NUMBER_OBJECT_CONVERSION = YES_AGGRESSIVE;
				CLANG_CXX_LANGUAGE_STANDARD = "gnu++14";
				CLANG_CXX_LIBRARY = "libc++";
				CLANG_ENABLE_MODULES = YES;
				CLANG_ENABLE_OBJC_ARC = YES;
				CLANG_ENABLE_OBJC_WEAK = YES;
				CLANG_WARN_BLOCK_CAPTURE_AUTORELEASING = YES;
				CLANG_WARN_BOOL_CONVERSION = YES;
				CLANG_WARN_COMMA = YES;
				CLANG_WARN_CONSTANT_CONVERSION = YES;
				CLANG_WARN_DEPRECATED_OBJC_IMPLEMENTATIONS = YES;
				CLANG_WARN_DIRECT_OBJC_ISA_USAGE = YES_ERROR;
				CLANG_WARN_DOCUMENTATION_COMMENTS = YES;
				CLANG_WARN_EMPTY_BODY = YES;
				CLANG_WARN_ENUM_CONVERSION = YES;
				CLANG_WARN_INFINITE_RECURSION = YES;
				CLANG_WARN_INT_CONVERSION = YES;
				CLANG_WARN_NON_LITERAL_NULL_CONVERSION = YES;
				CLANG_WARN_OBJC_IMPLICIT_RETAIN_SELF = YES;
				CLANG_WARN_OBJC_LITERAL_CONVERSION = YES;
				CLANG_WARN_OBJC_ROOT_CLASS = YES_ERROR;
				CLANG_WARN_QUOTED_INCLUDE_IN_FRAMEWORK_HEADER = YES;
				CLANG_WARN_RANGE_LOOP_ANALYSIS = YES;
				CLANG_WARN_STRICT_PROTOTYPES = YES;
				CLANG_WARN_SUSPICIOUS_MOVE = YES;
				CLANG_WARN_UNGUARDED_AVAILABILITY = YES_AGGRESSIVE;
				CLANG_WARN_UNREACHABLE_CODE = YES;
				CLANG_WARN__DUPLICATE_METHOD_MATCH = YES;
				COPY_PHASE_STRIP = NO;
				DEBUG_INFORMATION_FORMAT = "dwarf-with-dsym";
				ENABLE_NS_ASSERTIONS = NO;
				ENABLE_STRICT_OBJC_MSGSEND = YES;
				GCC_C_LANGUAGE_STANDARD = gnu11;
				GCC_NO_COMMON_BLOCKS = YES;
				GCC_WARN_64_TO_32_BIT_CONVERSION = YES;
				GCC_WARN_ABOUT_RETURN_TYPE = YES_ERROR;
				GCC_WARN_UNDECLARED_SELECTOR = YES;
				GCC_WARN_UNINITIALIZED_AUTOS = YES_AGGRESSIVE;
				GCC_WARN_UNUSED_FUNCTION = YES;
				GCC_WARN_UNUSED_VARIABLE = YES;
				IPHONEOS_DEPLOYMENT_TARGET = 14.4;
				MTL_ENABLE_DEBUG_INFO = NO;
				MTL_FAST_MATH = YES;
				SDKROOT = iphoneos;
				SWIFT_COMPILATION_MODE = wholemodule;
				SWIFT_OPTIMIZATION_LEVEL = "-O";
				VALIDATE_PRODUCT = YES;
			};
			name = Release;
		};
		27AE00A02671922800B8C5FE /* Debug */ = {
			isa = XCBuildConfiguration;
			baseConfigurationReference = 21BB1C5F99454772C5481279 /* Pods-Carteira.debug.xcconfig */;
			buildSettings = {
				ASSETCATALOG_COMPILER_APPICON_NAME = AppIcon;
				ASSETCATALOG_COMPILER_GLOBAL_ACCENT_COLOR_NAME = AccentColor;
				CODE_SIGN_ENTITLEMENTS = Carteira/Carteira.entitlements;
				CODE_SIGN_STYLE = Automatic;
				DEVELOPMENT_ASSET_PATHS = "\"Carteira/Preview Content\"";
				DEVELOPMENT_TEAM = KPPGXZ3Y59;
				ENABLE_PREVIEWS = YES;
				INFOPLIST_FILE = Carteira/Info.plist;
				IPHONEOS_DEPLOYMENT_TARGET = 14.0;
				LD_RUNPATH_SEARCH_PATHS = (
					"$(inherited)",
					"@executable_path/Frameworks",
				);
				PRODUCT_BUNDLE_IDENTIFIER = com.layunta.Carteira;
				PRODUCT_NAME = "$(TARGET_NAME)";
				SWIFT_VERSION = 5.0;
				TARGETED_DEVICE_FAMILY = "1,2";
			};
			name = Debug;
		};
		27AE00A12671922800B8C5FE /* Release */ = {
			isa = XCBuildConfiguration;
			baseConfigurationReference = BA70780B5CC28782244358C5 /* Pods-Carteira.release.xcconfig */;
			buildSettings = {
				ASSETCATALOG_COMPILER_APPICON_NAME = AppIcon;
				ASSETCATALOG_COMPILER_GLOBAL_ACCENT_COLOR_NAME = AccentColor;
				CODE_SIGN_ENTITLEMENTS = Carteira/Carteira.entitlements;
				CODE_SIGN_STYLE = Automatic;
				DEVELOPMENT_ASSET_PATHS = "\"Carteira/Preview Content\"";
				DEVELOPMENT_TEAM = KPPGXZ3Y59;
				ENABLE_PREVIEWS = YES;
				INFOPLIST_FILE = Carteira/Info.plist;
				IPHONEOS_DEPLOYMENT_TARGET = 14.0;
				LD_RUNPATH_SEARCH_PATHS = (
					"$(inherited)",
					"@executable_path/Frameworks",
				);
				PRODUCT_BUNDLE_IDENTIFIER = com.layunta.Carteira;
				PRODUCT_NAME = "$(TARGET_NAME)";
				SWIFT_VERSION = 5.0;
				TARGETED_DEVICE_FAMILY = "1,2";
			};
			name = Release;
		};
/* End XCBuildConfiguration section */

/* Begin XCConfigurationList section */
		27AE00862671922600B8C5FE /* Build configuration list for PBXProject "Carteira" */ = {
			isa = XCConfigurationList;
			buildConfigurations = (
				27AE009D2671922800B8C5FE /* Debug */,
				27AE009E2671922800B8C5FE /* Release */,
			);
			defaultConfigurationIsVisible = 0;
			defaultConfigurationName = Release;
		};
		27AE009F2671922800B8C5FE /* Build configuration list for PBXNativeTarget "Carteira" */ = {
			isa = XCConfigurationList;
			buildConfigurations = (
				27AE00A02671922800B8C5FE /* Debug */,
				27AE00A12671922800B8C5FE /* Release */,
			);
			defaultConfigurationIsVisible = 0;
			defaultConfigurationName = Release;
		};
/* End XCConfigurationList section */

/* Begin XCVersionGroup section */
		27AE00992671922800B8C5FE /* Carteira.xcdatamodeld */ = {
			isa = XCVersionGroup;
			children = (
				27AE009A2671922800B8C5FE /* Carteira.xcdatamodel */,
			);
			currentVersion = 27AE009A2671922800B8C5FE /* Carteira.xcdatamodel */;
			path = Carteira.xcdatamodeld;
			sourceTree = "<group>";
			versionGroupType = wrapper.xcdatamodel;
		};
/* End XCVersionGroup section */
	};
	rootObject = 27AE00832671922600B8C5FE /* Project object */;
}
